DEPENDENCIES
  apt
    git: git://github.com/opscode-cookbooks/apt.git
    revision: d18b0ff5bbd8130466fc5b44a2d3a32c156cb3fe
  build-essential
    git: git://github.com/opscode-cookbooks/build-essential.git
    revision: a222becfc0919126cb683296e4c782f83405dec4
  mariadb (~> 0.3.1)
  nodejs
    git: git://github.com/mdxp/nodejs-cookbook.git
    revision: e2415cd8c4e03dccf21d7ef6ca31e1c5c81467ca
  postgresql
    git: git://github.com/opscode-cookbooks/postgresql.git
    revision: 9b34bb0688094695240b94eb72f41a11440cc179
  ruby_build
  ruby_rbenv
    git: git://github.com/chef-rbenv/ruby_rbenv.git
    revision: 025b504f5743ce798831ea90c1d954bb4c623c97

GRAPH
  apt (4.0.2)
    compat_resource (>= 12.10.0)
  build-essential (6.0.3)
    compat_resource (>= 12.10.0)
    mingw (>= 1.1.0)
    seven_zip (>= 0.0.0)
  chef-sugar (3.4.0)
  chef_handler (1.4.0)
  compat_resource (12.10.7)
  homebrew (2.1.0)
    build-essential (>= 2.1.2)
  java (1.42.0)
    apt (>= 0.0.0)
    homebrew (>= 0.0.0)
    windows (>= 0.0.0)
  mariadb (0.3.1)
    apt (>= 0.0.0)
    yum (>= 0.0.0)
    yum-epel (>= 0.0.0)
  mingw (1.2.4)
    compat_resource (>= 0.0.0)
    seven_zip (>= 0.0.0)
  nodejs (1.3.0)
    apt (>= 0.0.0)
    build-essential (>= 0.0.0)
    yum-epel (>= 0.0.0)
  openssl (4.4.0)
    chef-sugar (>= 3.1.1)
  postgresql (4.0.6)
    apt (>= 1.9.0)
    build-essential (>= 0.0.0)
    openssl (~> 4.0)
  ruby_build (1.0.0)
    yum-epel (>= 0.0.0)
  ruby_rbenv (1.1.0)
    java (> 1.4.0)
    ruby_build (>= 0.0.0)
  seven_zip (2.0.1)
    windows (>= 1.2.2)
  windows (1.44.3)
    chef_handler (>= 0.0.0)
  yum (3.11.0)
  yum-epel (0.7.0)
    yum (>= 3.6.3)
